
Microsoft Visual Studio Solution File, Format Version 12.00
# Visual Studio Version 17
VisualStudioVersion = 17.13.35931.197 d17.13
MinimumVisualStudioVersion = 10.0.40219.1
Project("{FAE04EC0-301F-11D3-BF4B-00C04F79EFBC}") = "University", "University.csproj", "{3C67303A-8A21-42C4-A591-CA197B933BAA}"
EndProject
Global
	GlobalSection(SolutionConfigurationPlatforms) = preSolution
		Debug|Any CPU = Debug|Any CPU
		Release|Any CPU = Release|Any CPU
	EndGlobalSection
	GlobalSection(ProjectConfigurationPlatforms) = postSolution
		{3C67303A-8A21-42C4-A591-CA197B933BAA}.Debug|Any CPU.ActiveCfg = Debug|Any CPU
		{3C67303A-8A21-42C4-A591-CA197B933BAA}.Debug|Any CPU.Build.0 = Debug|Any CPU
		{3C67303A-8A21-42C4-A591-CA197B933BAA}.Release|Any CPU.ActiveCfg = Release|Any CPU
		{3C67303A-8A21-42C4-A591-CA197B933BAA}.Release|Any CPU.Build.0 = Release|Any CPU
	EndGlobalSection
	GlobalSection(SolutionProperties) = preSolution
		HideSolutionNode = FALSE
	EndGlobalSection
	GlobalSection(ExtensibilityGlobals) = postSolution
		SolutionGuid = {14C15C2E-355C-4A71-AB40-EF5FC6FF483A}
	EndGlobalSection
EndGlobal
