
Microsoft Visual Studio Solution File, Format Version 12.00
# Visual Studio Version 17
VisualStudioVersion = 17.13.35931.197
MinimumVisualStudioVersion = 10.0.40219.1
Project("{FAE04EC0-301F-11D3-BF4B-00C04F79EFBC}") = "University", "University\University.csproj", "{133B2DBD-7A58-462E-B725-8E62632CE7C2}"
EndProject
Project("{FAE04EC0-301F-11D3-BF4B-00C04F79EFBC}") = "University.Test", "University.Test\University.Test.csproj", "{6CD7FC2D-5648-4CEA-B09B-F7F80022B3F3}"
EndProject
Global
	GlobalSection(SolutionConfigurationPlatforms) = preSolution
		Debug|Any CPU = Debug|Any CPU
		Release|Any CPU = Release|Any CPU
	EndGlobalSection
	GlobalSection(ProjectConfigurationPlatforms) = postSolution
		{133B2DBD-7A58-462E-B725-8E62632CE7C2}.Debug|Any CPU.ActiveCfg = Debug|Any CPU
		{133B2DBD-7A58-462E-B725-8E62632CE7C2}.Debug|Any CPU.Build.0 = Debug|Any CPU
		{133B2DBD-7A58-462E-B725-8E62632CE7C2}.Release|Any CPU.ActiveCfg = Release|Any CPU
		{133B2DBD-7A58-462E-B725-8E62632CE7C2}.Release|Any CPU.Build.0 = Release|Any CPU
		{6CD7FC2D-5648-4CEA-B09B-F7F80022B3F3}.Debug|Any CPU.ActiveCfg = Debug|Any CPU
		{6CD7FC2D-5648-4CEA-B09B-F7F80022B3F3}.Debug|Any CPU.Build.0 = Debug|Any CPU
		{6CD7FC2D-5648-4CEA-B09B-F7F80022B3F3}.Release|Any CPU.ActiveCfg = Release|Any CPU
		{6CD7FC2D-5648-4CEA-B09B-F7F80022B3F3}.Release|Any CPU.Build.0 = Release|Any CPU
	EndGlobalSection
	GlobalSection(SolutionProperties) = preSolution
		HideSolutionNode = FALSE
	EndGlobalSection
	GlobalSection(ExtensibilityGlobals) = postSolution
		SolutionGuid = {A591BAA4-8090-4B9B-BD58-3C899D8172E7}
	EndGlobalSection
EndGlobal
